github.com/google/go-cmp v0.5.8 h1:e6P7q2lk1O+qJJb4BtCQXlK8vWEO8V1ZeuEdJNOqZyg=
github.com/google/go-cmp v0.5.8/go.mod h1:17dUlkBOakJ0+DkrSSNjCkIjxS6bF9zb3elmeNGIjoY=
gitlab.com/nabeelsaabna/go-private-nabeel v1.8.0 h1:phOyNqUYb1EPrwJ9b6brLi2eghTDn1Q1wfWZKY0tlYA=
gitlab.com/nabeelsaabna/go-private-nabeel v1.8.0/go.mod h1:GIECX94iw67Mon0aerJSgcXj2GFeEdV4wCXYVNDkmRA=
